
Microsoft Visual Studio Solution File, Format Version 12.00
# Visual Studio Version 17
VisualStudioVersion = 17.9.34723.18
MinimumVisualStudioVersion = 10.0.40219.1
Project("{FAE04EC0-301F-11D3-BF4B-00C04F79EFBC}") = "BingWallpaperDownloader", "BingWallpaperDownloader\BingWallpaperDownloader.csproj", "{EB6F748A-BC39-4163-924B-9CCC631DF7AF}"
EndProject
Global
	GlobalSection(SolutionConfigurationPlatforms) = preSolution
		Debug|Any CPU = Debug|Any CPU
		Release|Any CPU = Release|Any CPU
	EndGlobalSection
	GlobalSection(ProjectConfigurationPlatforms) = postSolution
		{EB6F748A-BC39-4163-924B-9CCC631DF7AF}.Debug|Any CPU.ActiveCfg = Debug|Any CPU
		{EB6F748A-BC39-4163-924B-9CCC631DF7AF}.Debug|Any CPU.Build.0 = Debug|Any CPU
		{EB6F748A-BC39-4163-924B-9CCC631DF7AF}.Release|Any CPU.ActiveCfg = Release|Any CPU
		{EB6F748A-BC39-4163-924B-9CCC631DF7AF}.Release|Any CPU.Build.0 = Release|Any CPU
	EndGlobalSection
	GlobalSection(SolutionProperties) = preSolution
		HideSolutionNode = FALSE
	EndGlobalSection
	GlobalSection(ExtensibilityGlobals) = postSolution
		SolutionGuid = {E9DA042E-90BF-4305-B575-5BEE86CB71FC}
	EndGlobalSection
EndGlobal
